# This file is automatically @generated by Cargo.
# It is not intended for manual editing.
version = 4

[[package]]
name = "adad-core"
version = "0.1.0"

[[package]]
name = "agent-coding"
version = "0.1.0"
dependencies = [
 "adad-core",
]

[[package]]
name = "forge"
version = "0.1.0"
dependencies = [
 "adad-core",
]

[[package]]
name = "git-spoof"
version = "0.1.0"
dependencies = [
 "adad-core",
]

[[package]]
name = "leakguard"
version = "0.1.0"
dependencies = [
 "adad-core",
]

[[package]]
name = "metafuse"
version = "0.1.0"
dependencies = [
 "adad-core",
]

[[package]]
name = "persona"
version = "0.1.0"
dependencies = [
 "adad-core",
]

[[package]]
name = "vps-deploy"
version = "0.1.0"
dependencies = [
 "adad-core",
]

[[package]]
name = "xmr-wallet"
version = "0.1.0"
dependencies = [
 "adad-core",
]
